
Microsoft Visual Studio Solution File, Format Version 12.00
# Visual Studio Version 17
VisualStudioVersion = 17.7.34003.232
MinimumVisualStudioVersion = 10.0.40219.1
Project("{9A19103F-16F7-4668-BE54-9A1E7A4F7556}") = "MathExpressionParser", "MathExpressionParser\MathExpressionParser.csproj", "{D08DE996-ADF9-47F8-B85A-6804D507E0F5}"
EndProject
Project("{FAE04EC0-301F-11D3-BF4B-00C04F79EFBC}") = "TestProject", "TestProject\TestProject.csproj", "{7D99F270-1F4F-4F06-B3B7-2A8372CEDB55}"
EndProject
Global
	GlobalSection(SolutionConfigurationPlatforms) = preSolution
		Debug|Any CPU = Debug|Any CPU
		Release|Any CPU = Release|Any CPU
	EndGlobalSection
	GlobalSection(ProjectConfigurationPlatforms) = postSolution
		{D08DE996-ADF9-47F8-B85A-6804D507E0F5}.Debug|Any CPU.ActiveCfg = Debug|Any CPU
		{D08DE996-ADF9-47F8-B85A-6804D507E0F5}.Debug|Any CPU.Build.0 = Debug|Any CPU
		{D08DE996-ADF9-47F8-B85A-6804D507E0F5}.Release|Any CPU.ActiveCfg = Release|Any CPU
		{D08DE996-ADF9-47F8-B85A-6804D507E0F5}.Release|Any CPU.Build.0 = Release|Any CPU
		{7D99F270-1F4F-4F06-B3B7-2A8372CEDB55}.Debug|Any CPU.ActiveCfg = Debug|Any CPU
		{7D99F270-1F4F-4F06-B3B7-2A8372CEDB55}.Debug|Any CPU.Build.0 = Debug|Any CPU
		{7D99F270-1F4F-4F06-B3B7-2A8372CEDB55}.Release|Any CPU.ActiveCfg = Release|Any CPU
		{7D99F270-1F4F-4F06-B3B7-2A8372CEDB55}.Release|Any CPU.Build.0 = Release|Any CPU
	EndGlobalSection
	GlobalSection(SolutionProperties) = preSolution
		HideSolutionNode = FALSE
	EndGlobalSection
	GlobalSection(ExtensibilityGlobals) = postSolution
		SolutionGuid = {7295FFB8-AAB1-43E5-A9D2-6EDC7F58166E}
	EndGlobalSection
EndGlobal
